
Microsoft Visual Studio Solution File, Format Version 12.00
# Visual Studio Version 17
VisualStudioVersion = 17.3.32929.385
MinimumVisualStudioVersion = 10.0.40219.1
Project("{FAE04EC0-301F-11D3-BF4B-00C04F79EFBC}") = "regLog", "regLog\regLog.csproj", "{C19DC188-EF64-4E14-AE8B-CBBB162634FE}"
EndProject
Global
	GlobalSection(SolutionConfigurationPlatforms) = preSolution
		Debug|Any CPU = Debug|Any CPU
		Release|Any CPU = Release|Any CPU
	EndGlobalSection
	GlobalSection(ProjectConfigurationPlatforms) = postSolution
		{C19DC188-EF64-4E14-AE8B-CBBB162634FE}.Debug|Any CPU.ActiveCfg = Debug|Any CPU
		{C19DC188-EF64-4E14-AE8B-CBBB162634FE}.Debug|Any CPU.Build.0 = Debug|Any CPU
		{C19DC188-EF64-4E14-AE8B-CBBB162634FE}.Release|Any CPU.ActiveCfg = Release|Any CPU
		{C19DC188-EF64-4E14-AE8B-CBBB162634FE}.Release|Any CPU.Build.0 = Release|Any CPU
	EndGlobalSection
	GlobalSection(SolutionProperties) = preSolution
		HideSolutionNode = FALSE
	EndGlobalSection
	GlobalSection(ExtensibilityGlobals) = postSolution
		SolutionGuid = {5106C18D-E326-42C3-BA97-181D5C4A2100}
	EndGlobalSection
EndGlobal
